
Microsoft Visual Studio Solution File, Format Version 12.00
# Visual Studio Version 17
VisualStudioVersion = 17.10.34928.147
MinimumVisualStudioVersion = 10.0.40219.1
Project("{9A19103F-16F7-4668-BE54-9A1E7A4F7556}") = "Magic-Land-Explorer_Lab", "Magic-Land-Explorer_Lab\Magic-Land-Explorer_Lab.csproj", "{120D0A61-DCB1-4B5A-8766-51FC7EA65114}"
EndProject
Global
	GlobalSection(SolutionConfigurationPlatforms) = preSolution
		Debug|Any CPU = Debug|Any CPU
		Release|Any CPU = Release|Any CPU
	EndGlobalSection
	GlobalSection(ProjectConfigurationPlatforms) = postSolution
		{120D0A61-DCB1-4B5A-8766-51FC7EA65114}.Debug|Any CPU.ActiveCfg = Debug|Any CPU
		{120D0A61-DCB1-4B5A-8766-51FC7EA65114}.Debug|Any CPU.Build.0 = Debug|Any CPU
		{120D0A61-DCB1-4B5A-8766-51FC7EA65114}.Release|Any CPU.ActiveCfg = Release|Any CPU
		{120D0A61-DCB1-4B5A-8766-51FC7EA65114}.Release|Any CPU.Build.0 = Release|Any CPU
	EndGlobalSection
	GlobalSection(SolutionProperties) = preSolution
		HideSolutionNode = FALSE
	EndGlobalSection
	GlobalSection(ExtensibilityGlobals) = postSolution
		SolutionGuid = {9B8B6BA8-F9EC-4C23-B551-41F049AFE6A5}
	EndGlobalSection
EndGlobal
